// !$*UTF8*$!
{
	archiveVersion = 1;
	classes = {
	};
	objectVersion = 56;
	objects = {

/* Begin PBXBuildFile section */
		84D865F2295DFB3300956271 /* My_projectApp.swift in Sources */ = {isa = PBXBuildFile; fileRef = 84D865F1295DFB3300956271 /* My_projectApp.swift */; };
		84D865F4295DFB3300956271 /* ContentView.swift in Sources */ = {isa = PBXBuildFile; fileRef = 84D865F3295DFB3300956271 /* ContentView.swift */; };
		84D865F6295DFB3C00956271 /* Assets.xcassets in Resources */ = {isa = PBXBuildFile; fileRef = 84D865F5295DFB3C00956271 /* Assets.xcassets */; };
		84D865F9295DFB3C00956271 /* Preview Assets.xcassets in Resources */ = {isa = PBXBuildFile; fileRef = 84D865F8295DFB3C00956271 /* Preview Assets.xcassets */; };
		84D86603295DFB3C00956271 /* My_projectTests.swift in Sources */ = {isa = PBXBuildFile; fileRef = 84D86602295DFB3C00956271 /* My_projectTests.swift */; };
		84D8660D295DFB3C00956271 /* My_projectUITests.swift in Sources */ = {isa = PBXBuildFile; fileRef = 84D8660C295DFB3C00956271 /* My_projectUITests.swift */; };
		84D8660F295DFB3C00956271 /* My_projectUITestsLaunchTests.swift in Sources */ = {isa = PBXBuildFile; fileRef = 84D8660E295DFB3C00956271 /* My_projectUITestsLaunchTests.swift */; };
/* End PBXBuildFile section */

/* Begin PBXContainerItemProxy section */
		84D865FF295DFB3C00956271 /* PBXContainerItemProxy */ = {
			isa = PBXContainerItemProxy;
			containerPortal = 84D865E6295DFB3200956271 /* Project object */;
			proxyType = 1;
			remoteGlobalIDString = 84D865ED295DFB3200956271;
			remoteInfo = "My project";
		};
		84D86609295DFB3C00956271 /* PBXContainerItemProxy */ = {
			isa = PBXContainerItemProxy;
			containerPortal = 84D865E6295DFB3200956271 /* Project object */;
			proxyType = 1;
			remoteGlobalIDString = 84D865ED295DFB3200956271;
			remoteInfo = "My project";
		};
/* End PBXContainerItemProxy section */

/* Begin PBXFileReference section */
		84D865EE295DFB3300956271 /* My project.app */ = {isa = PBXFileReference; explicitFileType = wrapper.application; includeInIndex = 0; path = "My project.app"; sourceTree = BUILT_PRODUCTS_DIR; };
		84D865F1295DFB3300956271 /* My_projectApp.swift */ = {isa = PBXFileReference; lastKnownFileType = sourcecode.swift; path = My_projectApp.swift; sourceTree = "<group>"; };
		84D865F3295DFB3300956271 /* ContentView.swift */ = {isa = PBXFileReference; lastKnownFileType = sourcecode.swift; path = ContentView.swift; sourceTree = "<group>"; };
		84D865F5295DFB3C00956271 /* Assets.xcassets */ = {isa = PBXFileReference; lastKnownFileType = folder.assetcatalog; path = Assets.xcassets; sourceTree = "<group>"; };
		84D865F8295DFB3C00956271 /* Preview Assets.xcassets */ = {isa = PBXFileReference; lastKnownFileType = folder.assetcatalog; path = "Preview Assets.xcassets"; sourceTree = "<group>"; };
		84D865FE295DFB3C00956271 /* My projectTests.xctest */ = {isa = PBXFileReference; explicitFileType = wrapper.cfbundle; includeInIndex = 0; path = "My projectTests.xctest"; sourceTree = BUILT_PRODUCTS_DIR; };
		84D86602295DFB3C00956271 /* My_projectTests.swift */ = {isa = PBXFileReference; lastKnownFileType = sourcecode.swift; path = My_projectTests.swift; sourceTree = "<group>"; };
		84D86608295DFB3C00956271 /* My projectUITests.xctest */ = {isa = PBXFileReference; explicitFileType = wrapper.cfbundle; includeInIndex = 0; path = "My projectUITests.xctest"; sourceTree = BUILT_PRODUCTS_DIR; };
		84D8660C295DFB3C00956271 /* My_projectUITests.swift */ = {isa = PBXFileReference; lastKnownFileType = sourcecode.swift; path = My_projectUITests.swift; sourceTree = "<group>"; };
		84D8660E295DFB3C00956271 /* My_projectUITestsLaunchTests.swift */ = {isa = PBXFileReference; lastKnownFileType = sourcecode.swift; path = My_projectUITestsLaunchTests.swift; sourceTree = "<group>"; };
/* End PBXFileReference section */

/* Begin PBXFrameworksBuildPhase section */
		84D865EB295DFB3200956271 /* Frameworks */ = {
			isa = PBXFrameworksBuildPhase;
			buildActionMask = 2147483647;
			files = (
			);
			runOnlyForDeploymentPostprocessing = 0;
		};
		84D865FB295DFB3C00956271 /* Frameworks */ = {
			isa = PBXFrameworksBuildPhase;
			buildActionMask = 2147483647;
			files = (
			);
			runOnlyForDeploymentPostprocessing = 0;
		};
		84D86605295DFB3C00956271 /* Frameworks */ = {
			isa = PBXFrameworksBuildPhase;
			buildActionMask = 2147483647;
			files = (
			);
			runOnlyForDeploymentPostprocessing = 0;
		};
/* End PBXFrameworksBuildPhase section */

/* Begin PBXGroup section */
		84D865E5295DFB3200956271 = {
			isa = PBXGroup;
			children = (
				84D865F0295DFB3300956271 /* My project */,
				84D86601295DFB3C00956271 /* My projectTests */,
				84D8660B295DFB3C00956271 /* My projectUITests */,
				84D865EF295DFB3300956271 /* Products */,
			);
			sourceTree = "<group>";
		};
		84D865EF295DFB3300956271 /* Products */ = {
			isa = PBXGroup;
			children = (
				84D865EE295DFB3300956271 /* My project.app */,
				84D865FE295DFB3C00956271 /* My projectTests.xctest */,
				84D86608295DFB3C00956271 /* My projectUITests.xctest */,
			);
			name = Products;
			sourceTree = "<group>";
		};
		84D865F0295DFB3300956271 /* My project */ = {
			isa = PBXGroup;
			children = (
				84D865F1295DFB3300956271 /* My_projectApp.swift */,
				84D865F3295DFB3300956271 /* ContentView.swift */,
				84D865F5295DFB3C00956271 /* Assets.xcassets */,
				84D865F7295DFB3C00956271 /* Preview Content */,
			);
			path = "My project";
			sourceTree = "<group>";
		};
		84D865F7295DFB3C00956271 /* Preview Content */ = {
			isa = PBXGroup;
			children = (
				84D865F8295DFB3C00956271 /* Preview Assets.xcassets */,
			);
			path = "Preview Content";
			sourceTree = "<group>";
		};
		84D86601295DFB3C00956271 /* My projectTests */ = {
			isa = PBXGroup;
			children = (
				84D86602295DFB3C00956271 /* My_projectTests.swift */,
			);
			path = "My projectTests";
			sourceTree = "<group>";
		};
		84D8660B295DFB3C00956271 /* My projectUITests */ = {
			isa = PBXGroup;
			children = (
				84D8660C295DFB3C00956271 /* My_projectUITests.swift */,
				84D8660E295DFB3C00956271 /* My_projectUITestsLaunchTests.swift */,
			);
			path = "My projectUITests";
			sourceTree = "<group>";
		};
/* End PBXGroup section */

/* Begin PBXNativeTarget section */
		84D865ED295DFB3200956271 /* My project */ = {
			isa = PBXNativeTarget;
			buildConfigurationList = 84D86612295DFB3C00956271 /* Build configuration list for PBXNativeTarget "My project" */;
			buildPhases = (
				84D865EA295DFB3200956271 /* Sources */,
				84D865EB295DFB3200956271 /* Frameworks */,
				84D865EC295DFB3200956271 /* Resources */,
			);
			buildRules = (
			);
			dependencies = (
			);
			name = "My project";
			productName = "My project";
			productReference = 84D865EE295DFB3300956271 /* My project.app */;
			productType = "com.apple.product-type.application";
		};
		84D865FD295DFB3C00956271 /* My projectTests */ = {
			isa = PBXNativeTarget;
			buildConfigurationList = 84D86615295DFB3C00956271 /* Build configuration list for PBXNativeTarget "My projectTests" */;
			buildPhases = (
				84D865FA295DFB3C00956271 /* Sources */,
				84D865FB295DFB3C00956271 /* Frameworks */,
				84D865FC295DFB3C00956271 /* Resources */,
			);
			buildRules = (
			);
			dependencies = (
				84D86600295DFB3C00956271 /* PBXTargetDependency */,
			);
			name = "My projectTests";
			productName = "My projectTests";
			productReference = 84D865FE295DFB3C00956271 /* My projectTests.xctest */;
			productType = "com.apple.product-type.bundle.unit-test";
		};
		84D86607295DFB3C00956271 /* My projectUITests */ = {
			isa = PBXNativeTarget;
			buildConfigurationList = 84D86618295DFB3C00956271 /* Build configuration list for PBXNativeTarget "My projectUITests" */;
			buildPhases = (
				84D86604295DFB3C00956271 /* Sources */,
				84D86605295DFB3C00956271 /* Frameworks */,
				84D86606295DFB3C00956271 /* Resources */,
			);
			buildRules = (
			);
			dependencies = (
				84D8660A295DFB3C00956271 /* PBXTargetDependency */,
			);
			name = "My projectUITests";
			productName = "My projectUITests";
			productReference = 84D86608295DFB3C00956271 /* My projectUITests.xctest */;
			productType = "com.apple.product-type.bundle.ui-testing";
		};
/* End PBXNativeTarget section */

/* Begin PBXProject section */
		84D865E6295DFB3200956271 /* Project object */ = {
			isa = PBXProject;
			attributes = {
				BuildIndependentTargetsInParallel = 1;
				LastSwiftUpdateCheck = 1410;
				LastUpgradeCheck = 1410;
				TargetAttributes = {
					84D865ED295DFB3200956271 = {
						CreatedOnToolsVersion = 14.1;
					};
					84D865FD295DFB3C00956271 = {
						CreatedOnToolsVersion = 14.1;
						TestTargetID = 84D865ED295DFB3200956271;
					};
					84D86607295DFB3C00956271 = {
						CreatedOnToolsVersion = 14.1;
						TestTargetID = 84D865ED295DFB3200956271;
					};
				};
			};
			buildConfigurationList = 84D865E9295DFB3200956271 /* Build configuration list for PBXProject "My project" */;
			compatibilityVersion = "Xcode 14.0";
			developmentRegion = en;
			hasScannedForEncodings = 0;
			knownRegions = (
				en,
				Base,
			);
			mainGroup = 84D865E5295DFB3200956271;
			productRefGroup = 84D865EF295DFB3300956271 /* Products */;
			projectDirPath = "";
			projectRoot = "";
			targets = (
				84D865ED295DFB3200956271 /* My project */,
				84D865FD295DFB3C00956271 /* My projectTests */,
				84D86607295DFB3C00956271 /* My projectUITests */,
			);
		};
/* End PBXProject section */

/* Begin PBXResourcesBuildPhase section */
		84D865EC295DFB3200956271 /* Resources */ = {
			isa = PBXResourcesBuildPhase;
			buildActionMask = 2147483647;
			files = (
				84D865F9295DFB3C00956271 /* Preview Assets.xcassets in Resources */,
				84D865F6295DFB3C00956271 /* Assets.xcassets in Resources */,
			);
			runOnlyForDeploymentPostprocessing = 0;
		};
		84D865FC295DFB3C00956271 /* Resources */ = {
			isa = PBXResourcesBuildPhase;
			buildActionMask = 2147483647;
			files = (
			);
			runOnlyForDeploymentPostprocessing = 0;
		};
		84D86606295DFB3C00956271 /* Resources */ = {
			isa = PBXResourcesBuildPhase;
			buildActionMask = 2147483647;
			files = (
			);
			runOnlyForDeploymentPostprocessing = 0;
		};
/* End PBXResourcesBuildPhase section */

/* Begin PBXSourcesBuildPhase section */
		84D865EA295DFB3200956271 /* Sources */ = {
			isa = PBXSourcesBuildPhase;
			buildActionMask = 2147483647;
			files = (
				84D865F4295DFB3300956271 /* ContentView.swift in Sources */,
				84D865F2295DFB3300956271 /* My_projectApp.swift in Sources */,
			);
			runOnlyForDeploymentPostprocessing = 0;
		};
		84D865FA295DFB3C00956271 /* Sources */ = {
			isa = PBXSourcesBuildPhase;
			buildActionMask = 2147483647;
			files = (
				84D86603295DFB3C00956271 /* My_projectTests.swift in Sources */,
			);
			runOnlyForDeploymentPostprocessing = 0;
		};
		84D86604295DFB3C00956271 /* Sources */ = {
			isa = PBXSourcesBuildPhase;
			buildActionMask = 2147483647;
			files = (
				84D8660F295DFB3C00956271 /* My_projectUITestsLaunchTests.swift in Sources */,
				84D8660D295DFB3C00956271 /* My_projectUITests.swift in Sources */,
			);
			runOnlyForDeploymentPostprocessing = 0;
		};
/* End PBXSourcesBuildPhase section */

/* Begin PBXTargetDependency section */
		84D86600295DFB3C00956271 /* PBXTargetDependency */ = {
			isa = PBXTargetDependency;
			target = 84D865ED295DFB3200956271 /* My project */;
			targetProxy = 84D865FF295DFB3C00956271 /* PBXContainerItemProxy */;
		};
		84D8660A295DFB3C00956271 /* PBXTargetDependency */ = {
			isa = PBXTargetDependency;
			target = 84D865ED295DFB3200956271 /* My project */;
			targetProxy = 84D86609295DFB3C00956271 /* PBXContainerItemProxy */;
		};
/* End PBXTargetDependency section */

/* Begin XCBuildConfiguration section */
		84D86610295DFB3C00956271 /* Debug */ = {
			isa = XCBuildConfiguration;
			buildSettings = {
				ALWAYS_SEARCH_USER_PATHS = NO;
				CLANG_ANALYZER_NONNULL = YES;
				CLANG_ANALYZER_NUMBER_OBJECT_CONVERSION = YES_AGGRESSIVE;
				CLANG_CXX_LANGUAGE_STANDARD = "gnu++20";
				CLANG_ENABLE_MODULES = YES;
				CLANG_ENABLE_OBJC_ARC = YES;
				CLANG_ENABLE_OBJC_WEAK = YES;
				CLANG_WARN_BLOCK_CAPTURE_AUTORELEASING = YES;
				CLANG_WARN_BOOL_CONVERSION = YES;
				CLANG_WARN_COMMA = YES;
				CLANG_WARN_CONSTANT_CONVERSION = YES;
				CLANG_WARN_DEPRECATED_OBJC_IMPLEMENTATIONS = YES;
				CLANG_WARN_DIRECT_OBJC_ISA_USAGE = YES_ERROR;
				CLANG_WARN_DOCUMENTATION_COMMENTS = YES;
				CLANG_WARN_EMPTY_BODY = YES;
				CLANG_WARN_ENUM_CONVERSION = YES;
				CLANG_WARN_INFINITE_RECURSION = YES;
				CLANG_WARN_INT_CONVERSION = YES;
				CLANG_WARN_NON_LITERAL_NULL_CONVERSION = YES;
				CLANG_WARN_OBJC_IMPLICIT_RETAIN_SELF = YES;
				CLANG_WARN_OBJC_LITERAL_CONVERSION = YES;
				CLANG_WARN_OBJC_ROOT_CLASS = YES_ERROR;
				CLANG_WARN_QUOTED_INCLUDE_IN_FRAMEWORK_HEADER = YES;
				CLANG_WARN_RANGE_LOOP_ANALYSIS = YES;
				CLANG_WARN_STRICT_PROTOTYPES = YES;
				CLANG_WARN_SUSPICIOUS_MOVE = YES;
				CLANG_WARN_UNGUARDED_AVAILABILITY = YES_AGGRESSIVE;
				CLANG_WARN_UNREACHABLE_CODE = YES;
				CLANG_WARN__DUPLICATE_METHOD_MATCH = YES;
				COPY_PHASE_STRIP = NO;
				DEBUG_INFORMATION_FORMAT = dwarf;
				ENABLE_STRICT_OBJC_MSGSEND = YES;
				ENABLE_TESTABILITY = YES;
				GCC_C_LANGUAGE_STANDARD = gnu11;
				GCC_DYNAMIC_NO_PIC = NO;
				GCC_NO_COMMON_BLOCKS = YES;
				GCC_OPTIMIZATION_LEVEL = 0;
				GCC_PREPROCESSOR_DEFINITIONS = (
					"DEBUG=1",
					"$(inherited)",
				);
				GCC_WARN_64_TO_32_BIT_CONVERSION = YES;
				GCC_WARN_ABOUT_RETURN_TYPE = YES_ERROR;
				GCC_WARN_UNDECLARED_SELECTOR = YES;
				GCC_WARN_UNINITIALIZED_AUTOS = YES_AGGRESSIVE;
				GCC_WARN_UNUSED_FUNCTION = YES;
				GCC_WARN_UNUSED_VARIABLE = YES;
				IPHONEOS_DEPLOYMENT_TARGET = 16.1;
				MTL_ENABLE_DEBUG_INFO = INCLUDE_SOURCE;
				MTL_FAST_MATH = YES;
				ONLY_ACTIVE_ARCH = YES;
				SDKROOT = iphoneos;
				SWIFT_ACTIVE_COMPILATION_CONDITIONS = DEBUG;
				SWIFT_OPTIMIZATION_LEVEL = "-Onone";
			};
			name = Debug;
		};
		84D86611295DFB3C00956271 /* Release */ = {
			isa = XCBuildConfiguration;
			buildSettings = {
				ALWAYS_SEARCH_USER_PATHS = NO;
				CLANG_ANALYZER_NONNULL = YES;
				CLANG_ANALYZER_NUMBER_OBJECT_CONVERSION = YES_AGGRESSIVE;
				CLANG_CXX_LANGUAGE_STANDARD = "gnu++20";
				CLANG_ENABLE_MODULES = YES;
				CLANG_ENABLE_OBJC_ARC = YES;
				CLANG_ENABLE_OBJC_WEAK = YES;
				CLANG_WARN_BLOCK_CAPTURE_AUTORELEASING = YES;
				CLANG_WARN_BOOL_CONVERSION = YES;
				CLANG_WARN_COMMA = YES;
				CLANG_WARN_CONSTANT_CONVERSION = YES;
				CLANG_WARN_DEPRECATED_OBJC_IMPLEMENTATIONS = YES;
				CLANG_WARN_DIRECT_OBJC_ISA_USAGE = YES_ERROR;
				CLANG_WARN_DOCUMENTATION_COMMENTS = YES;
				CLANG_WARN_EMPTY_BODY = YES;
				CLANG_WARN_ENUM_CONVERSION = YES;
				CLANG_WARN_INFINITE_RECURSION = YES;
				CLANG_WARN_INT_CONVERSION = YES;
				CLANG_WARN_NON_LITERAL_NULL_CONVERSION = YES;
				CLANG_WARN_OBJC_IMPLICIT_RETAIN_SELF = YES;
				CLANG_WARN_OBJC_LITERAL_CONVERSION = YES;
				CLANG_WARN_OBJC_ROOT_CLASS = YES_ERROR;
				CLANG_WARN_QUOTED_INCLUDE_IN_FRAMEWORK_HEADER = YES;
				CLANG_WARN_RANGE_LOOP_ANALYSIS = YES;
				CLANG_WARN_STRICT_PROTOTYPES = YES;
				CLANG_WARN_SUSPICIOUS_MOVE = YES;
				CLANG_WARN_UNGUARDED_AVAILABILITY = YES_AGGRESSIVE;
				CLANG_WARN_UNREACHABLE_CODE = YES;
				CLANG_WARN__DUPLICATE_METHOD_MATCH = YES;
				COPY_PHASE_STRIP = NO;
				DEBUG_INFORMATION_FORMAT = "dwarf-with-dsym";
				ENABLE_NS_ASSERTIONS = NO;
				ENABLE_STRICT_OBJC_MSGSEND = YES;
				GCC_C_LANGUAGE_STANDARD = gnu11;
				GCC_NO_COMMON_BLOCKS = YES;
				GCC_WARN_64_TO_32_BIT_CONVERSION = YES;
				GCC_WARN_ABOUT_RETURN_TYPE = YES_ERROR;
				GCC_WARN_UNDECLARED_SELECTOR = YES;
				GCC_WARN_UNINITIALIZED_AUTOS = YES_AGGRESSIVE;
				GCC_WARN_UNUSED_FUNCTION = YES;
				GCC_WARN_UNUSED_VARIABLE = YES;
				IPHONEOS_DEPLOYMENT_TARGET = 16.1;
				MTL_ENABLE_DEBUG_INFO = NO;
				MTL_FAST_MATH = YES;
				SDKROOT = iphoneos;
				SWIFT_COMPILATION_MODE = wholemodule;
				SWIFT_OPTIMIZATION_LEVEL = "-O";
				VALIDATE_PRODUCT = YES;
			};
			name = Release;
		};
		84D86613295DFB3C00956271 /* Debug */ = {
			isa = XCBuildConfiguration;
			buildSettings = {
				ASSETCATALOG_COMPILER_APPICON_NAME = AppIcon;
				ASSETCATALOG_COMPILER_GLOBAL_ACCENT_COLOR_NAME = AccentColor;
				CODE_SIGN_STYLE = Automatic;
				CURRENT_PROJECT_VERSION = 1;
				DEVELOPMENT_ASSET_PATHS = "\"My project/Preview Content\"";
				ENABLE_PREVIEWS = YES;
				GENERATE_INFOPLIST_FILE = YES;
				INFOPLIST_KEY_UIApplicationSceneManifest_Generation = YES;
				INFOPLIST_KEY_UIApplicationSupportsIndirectInputEvents = YES;
				INFOPLIST_KEY_UILaunchScreen_Generation = YES;
				INFOPLIST_KEY_UISupportedInterfaceOrientations_iPad = "UIInterfaceOrientationPortrait UIInterfaceOrientationPortraitUpsideDown UIInterfaceOrientationLandscapeLeft UIInterfaceOrientationLandscapeRight";
				INFOPLIST_KEY_UISupportedInterfaceOrientations_iPhone = "UIInterfaceOrientationPortrait UIInterfaceOrientationLandscapeLeft UIInterfaceOrientationLandscapeRight";
				LD_RUNPATH_SEARCH_PATHS = (
					"$(inherited)",
					"@executable_path/Frameworks",
				);
				MARKETING_VERSION = 1.0;
				PRODUCT_BUNDLE_IDENTIFIER = "-777.My-project";
				PRODUCT_NAME = "$(TARGET_NAME)";
				SWIFT_EMIT_LOC_STRINGS = YES;
				SWIFT_VERSION = 5.0;
				TARGETED_DEVICE_FAMILY = "1,2";
			};
			name = Debug;
		};
		84D86614295DFB3C00956271 /* Release */ = {
			isa = XCBuildConfiguration;
			buildSettings = {
				ASSETCATALOG_COMPILER_APPICON_NAME = AppIcon;
				ASSETCATALOG_COMPILER_GLOBAL_ACCENT_COLOR_NAME = AccentColor;
				CODE_SIGN_STYLE = Automatic;
				CURRENT_PROJECT_VERSION = 1;
				DEVELOPMENT_ASSET_PATHS = "\"My project/Preview Content\"";
				ENABLE_PREVIEWS = YES;
				GENERATE_INFOPLIST_FILE = YES;
				INFOPLIST_KEY_UIApplicationSceneManifest_Generation = YES;
				INFOPLIST_KEY_UIApplicationSupportsIndirectInputEvents = YES;
				INFOPLIST_KEY_UILaunchScreen_Generation = YES;
				INFOPLIST_KEY_UISupportedInterfaceOrientations_iPad = "UIInterfaceOrientationPortrait UIInterfaceOrientationPortraitUpsideDown UIInterfaceOrientationLandscapeLeft UIInterfaceOrientationLandscapeRight";
				INFOPLIST_KEY_UISupportedInterfaceOrientations_iPhone = "UIInterfaceOrientationPortrait UIInterfaceOrientationLandscapeLeft UIInterfaceOrientationLandscapeRight";
				LD_RUNPATH_SEARCH_PATHS = (
					"$(inherited)",
					"@executable_path/Frameworks",
				);
				MARKETING_VERSION = 1.0;
				PRODUCT_BUNDLE_IDENTIFIER = "-777.My-project";
				PRODUCT_NAME = "$(TARGET_NAME)";
				SWIFT_EMIT_LOC_STRINGS = YES;
				SWIFT_VERSION = 5.0;
				TARGETED_DEVICE_FAMILY = "1,2";
			};
			name = Release;
		};
		84D86616295DFB3C00956271 /* Debug */ = {
			isa = XCBuildConfiguration;
			buildSettings = {
				ALWAYS_EMBED_SWIFT_STANDARD_LIBRARIES = YES;
				BUNDLE_LOADER = "$(TEST_HOST)";
				CODE_SIGN_STYLE = Automatic;
				CURRENT_PROJECT_VERSION = 1;
				GENERATE_INFOPLIST_FILE = YES;
				IPHONEOS_DEPLOYMENT_TARGET = 16.1;
				MARKETING_VERSION = 1.0;
				PRODUCT_BUNDLE_IDENTIFIER = "-777.My-projectTests";
				PRODUCT_NAME = "$(TARGET_NAME)";
				SWIFT_EMIT_LOC_STRINGS = NO;
				SWIFT_VERSION = 5.0;
				TARGETED_DEVICE_FAMILY = "1,2";
				TEST_HOST = "$(BUILT_PRODUCTS_DIR)/My project.app/$(BUNDLE_EXECUTABLE_FOLDER_PATH)/My project";
			};
			name = Debug;
		};
		84D86617295DFB3C00956271 /* Release */ = {
			isa = XCBuildConfiguration;
			buildSettings = {
				ALWAYS_EMBED_SWIFT_STANDARD_LIBRARIES = YES;
				BUNDLE_LOADER = "$(TEST_HOST)";
				CODE_SIGN_STYLE = Automatic;
				CURRENT_PROJECT_VERSION = 1;
				GENERATE_INFOPLIST_FILE = YES;
				IPHONEOS_DEPLOYMENT_TARGET = 16.1;
				MARKETING_VERSION = 1.0;
				PRODUCT_BUNDLE_IDENTIFIER = "-777.My-projectTests";
				PRODUCT_NAME = "$(TARGET_NAME)";
				SWIFT_EMIT_LOC_STRINGS = NO;
				SWIFT_VERSION = 5.0;
				TARGETED_DEVICE_FAMILY = "1,2";
				TEST_HOST = "$(BUILT_PRODUCTS_DIR)/My project.app/$(BUNDLE_EXECUTABLE_FOLDER_PATH)/My project";
			};
			name = Release;
		};
		84D86619295DFB3C00956271 /* Debug */ = {
			isa = XCBuildConfiguration;
			buildSettings = {
				ALWAYS_EMBED_SWIFT_STANDARD_LIBRARIES = YES;
				CODE_SIGN_STYLE = Automatic;
				CURRENT_PROJECT_VERSION = 1;
				GENERATE_INFOPLIST_FILE = YES;
				MARKETING_VERSION = 1.0;
				PRODUCT_BUNDLE_IDENTIFIER = "-777.My-projectUITests";
				PRODUCT_NAME = "$(TARGET_NAME)";
				SWIFT_EMIT_LOC_STRINGS = NO;
				SWIFT_VERSION = 5.0;
				TARGETED_DEVICE_FAMILY = "1,2";
				TEST_TARGET_NAME = "My project";
			};
			name = Debug;
		};
		84D8661A295DFB3C00956271 /* Release */ = {
			isa = XCBuildConfiguration;
			buildSettings = {
				ALWAYS_EMBED_SWIFT_STANDARD_LIBRARIES = YES;
				CODE_SIGN_STYLE = Automatic;
				CURRENT_PROJECT_VERSION = 1;
				GENERATE_INFOPLIST_FILE = YES;
				MARKETING_VERSION = 1.0;
				PRODUCT_BUNDLE_IDENTIFIER = "-777.My-projectUITests";
				PRODUCT_NAME = "$(TARGET_NAME)";
				SWIFT_EMIT_LOC_STRINGS = NO;
				SWIFT_VERSION = 5.0;
				TARGETED_DEVICE_FAMILY = "1,2";
				TEST_TARGET_NAME = "My project";
			};
			name = Release;
		};
/* End XCBuildConfiguration section */

/* Begin XCConfigurationList section */
		84D865E9295DFB3200956271 /* Build configuration list for PBXProject "My project" */ = {
			isa = XCConfigurationList;
			buildConfigurations = (
				84D86610295DFB3C00956271 /* Debug */,
				84D86611295DFB3C00956271 /* Release */,
			);
			defaultConfigurationIsVisible = 0;
			defaultConfigurationName = Release;
		};
		84D86612295DFB3C00956271 /* Build configuration list for PBXNativeTarget "My project" */ = {
			isa = XCConfigurationList;
			buildConfigurations = (
				84D86613295DFB3C00956271 /* Debug */,
				84D86614295DFB3C00956271 /* Release */,
			);
			defaultConfigurationIsVisible = 0;
			defaultConfigurationName = Release;
		};
		84D86615295DFB3C00956271 /* Build configuration list for PBXNativeTarget "My projectTests" */ = {
			isa = XCConfigurationList;
			buildConfigurations = (
				84D86616295DFB3C00956271 /* Debug */,
				84D86617295DFB3C00956271 /* Release */,
			);
			defaultConfigurationIsVisible = 0;
			defaultConfigurationName = Release;
		};
		84D86618295DFB3C00956271 /* Build configuration list for PBXNativeTarget "My projectUITests" */ = {
			isa = XCConfigurationList;
			buildConfigurations = (
				84D86619295DFB3C00956271 /* Debug */,
				84D8661A295DFB3C00956271 /* Release */,
			);
			defaultConfigurationIsVisible = 0;
			defaultConfigurationName = Release;
		};
/* End XCConfigurationList section */
	};
	rootObject = 84D865E6295DFB3200956271 /* Project object */;
}
